
Microsoft Visual Studio Solution File, Format Version 12.00
# Visual Studio Version 17
VisualStudioVersion = 17.5.002.0
MinimumVisualStudioVersion = 10.0.40219.1
Project("{9A19103F-16F7-4668-BE54-9A1E7A4F7556}") = "DesafioPOO", "DesafioPOO.csproj", "{2E2D2CB9-5FB1-4A59-A69A-3DFF3A44C21A}"
EndProject
Global
	GlobalSection(SolutionConfigurationPlatforms) = preSolution
		Debug|Any CPU = Debug|Any CPU
		Release|Any CPU = Release|Any CPU
	EndGlobalSection
	GlobalSection(ProjectConfigurationPlatforms) = postSolution
		{2E2D2CB9-5FB1-4A59-A69A-3DFF3A44C21A}.Debug|Any CPU.ActiveCfg = Debug|Any CPU
		{2E2D2CB9-5FB1-4A59-A69A-3DFF3A44C21A}.Debug|Any CPU.Build.0 = Debug|Any CPU
		{2E2D2CB9-5FB1-4A59-A69A-3DFF3A44C21A}.Release|Any CPU.ActiveCfg = Release|Any CPU
		{2E2D2CB9-5FB1-4A59-A69A-3DFF3A44C21A}.Release|Any CPU.Build.0 = Release|Any CPU
	EndGlobalSection
	GlobalSection(SolutionProperties) = preSolution
		HideSolutionNode = FALSE
	EndGlobalSection
	GlobalSection(ExtensibilityGlobals) = postSolution
		SolutionGuid = {8B9E2916-A5F9-40AE-8327-83E0B3FF8B49}
	EndGlobalSection
EndGlobal
